
Microsoft Visual Studio Solution File, Format Version 12.00
# Visual Studio Version 16
VisualStudioVersion = 16.0.37027.11
MinimumVisualStudioVersion = 10.0.40219.1
Project("{FAE04EC0-301F-11D3-BF4B-00C04F79EFBC}") = "SecureFileViewer", "SecureFileViewer.csproj", "{2C4180A6-F3FD-43D3-BDC2-92ED1EA9291D}"
EndProject
Global
	GlobalSection(SolutionConfigurationPlatforms) = preSolution
		Debug|Any CPU = Debug|Any CPU
		Release|Any CPU = Release|Any CPU
	EndGlobalSection
	GlobalSection(ProjectConfigurationPlatforms) = postSolution
		{2C4180A6-F3FD-43D3-BDC2-92ED1EA9291D}.Debug|Any CPU.ActiveCfg = Debug|Any CPU
		{2C4180A6-F3FD-43D3-BDC2-92ED1EA9291D}.Debug|Any CPU.Build.0 = Debug|Any CPU
		{2C4180A6-F3FD-43D3-BDC2-92ED1EA9291D}.Release|Any CPU.ActiveCfg = Release|Any CPU
		{2C4180A6-F3FD-43D3-BDC2-92ED1EA9291D}.Release|Any CPU.Build.0 = Release|Any CPU
	EndGlobalSection
	GlobalSection(SolutionProperties) = preSolution
		HideSolutionNode = FALSE
	EndGlobalSection
	GlobalSection(ExtensibilityGlobals) = postSolution
		SolutionGuid = {CB811485-4F17-4DA9-B49E-27516DD6855E}
	EndGlobalSection
EndGlobal
